
Microsoft Visual Studio Solution File, Format Version 12.00
# Visual Studio 15
VisualStudioVersion = 15.0.26730.8
MinimumVisualStudioVersion = 10.0.40219.1
Project("{2150E333-8FDC-42A3-9474-1A3956D46DE8}") = "Demo", "Demo", "{AB9FA9EB-1296-49A1-B2E2-F4E6A16AC6EA}"
EndProject
Project("{2150E333-8FDC-42A3-9474-1A3956D46DE8}") = "UnitOfWorkFramework", "UnitOfWorkFramework", "{3AD1755C-D626-41AA-91C9-0587255D8055}"
EndProject
Project("{FAE04EC0-301F-11D3-BF4B-00C04F79EFBC}") = "MVC5Scaffolding", "MVC5Scaffolding\MVC5Scaffolding.csproj", "{AABF312C-B24B-49CF-ACA9-4F5FCD16ED82}"
EndProject
Project("{FAE04EC0-301F-11D3-BF4B-00C04F79EFBC}") = "MVC5Scaffolding.vsix", "MVC5Scaffolding.vsix\MVC5Scaffolding.vsix.csproj", "{2E36C552-5DD3-4556-B882-956A3663ED2E}"
EndProject
Project("{FAE04EC0-301F-11D3-BF4B-00C04F79EFBC}") = "MVC5ScaffoldingTests", "MVC5ScaffoldingTests\MVC5ScaffoldingTests.csproj", "{0CB76ADD-92E9-43CE-8486-71B7A3AF218E}"
EndProject
Project("{FAE04EC0-301F-11D3-BF4B-00C04F79EFBC}") = "Repository.Pattern", "Demo\Source\Repository.Pattern\Repository.Pattern.csproj", "{6E682A14-C872-4813-B620-76E108DEA683}"
EndProject
Project("{FAE04EC0-301F-11D3-BF4B-00C04F79EFBC}") = "Repository.Pattern.Ef6", "Demo\Source\Repository.Pattern.Ef6\Repository.Pattern.Ef6.csproj", "{F68A1D19-93FB-47C1-A22B-42BEA3E4FD8C}"
EndProject
Project("{FAE04EC0-301F-11D3-BF4B-00C04F79EFBC}") = "Service.Pattern", "Demo\Source\Service.Pattern\Service.Pattern.csproj", "{86F86650-EE3C-4372-8FEC-40C2FE015022}"
EndProject
Project("{FAE04EC0-301F-11D3-BF4B-00C04F79EFBC}") = "WebApp", "Demo\WebApp\WebApp.csproj", "{BDBD18FD-EDB6-488B-B7A9-984970CA7CEE}"
EndProject
Project("{FAE04EC0-301F-11D3-BF4B-00C04F79EFBC}") = "SqlHelper2", "Demo\Source\SqlHelper2\SqlHelper2.csproj", "{879158EF-EF85-4B55-91EF-21399E108CD7}"
EndProject
Global
	GlobalSection(SolutionConfigurationPlatforms) = preSolution
		Debug|Any CPU = Debug|Any CPU
		Debug|x86 = Debug|x86
		Release|Any CPU = Release|Any CPU
		Release|x86 = Release|x86
	EndGlobalSection
	GlobalSection(ProjectConfigurationPlatforms) = postSolution
		{AABF312C-B24B-49CF-ACA9-4F5FCD16ED82}.Debug|Any CPU.ActiveCfg = Debug|Any CPU
		{AABF312C-B24B-49CF-ACA9-4F5FCD16ED82}.Debug|Any CPU.Build.0 = Debug|Any CPU
		{AABF312C-B24B-49CF-ACA9-4F5FCD16ED82}.Debug|x86.ActiveCfg = Debug|Any CPU
		{AABF312C-B24B-49CF-ACA9-4F5FCD16ED82}.Release|Any CPU.ActiveCfg = Release|Any CPU
		{AABF312C-B24B-49CF-ACA9-4F5FCD16ED82}.Release|Any CPU.Build.0 = Release|Any CPU
		{AABF312C-B24B-49CF-ACA9-4F5FCD16ED82}.Release|x86.ActiveCfg = Release|Any CPU
		{2E36C552-5DD3-4556-B882-956A3663ED2E}.Debug|Any CPU.ActiveCfg = Debug|Any CPU
		{2E36C552-5DD3-4556-B882-956A3663ED2E}.Debug|Any CPU.Build.0 = Debug|Any CPU
		{2E36C552-5DD3-4556-B882-956A3663ED2E}.Debug|x86.ActiveCfg = Debug|Any CPU
		{2E36C552-5DD3-4556-B882-956A3663ED2E}.Release|Any CPU.ActiveCfg = Release|Any CPU
		{2E36C552-5DD3-4556-B882-956A3663ED2E}.Release|Any CPU.Build.0 = Release|Any CPU
		{2E36C552-5DD3-4556-B882-956A3663ED2E}.Release|x86.ActiveCfg = Release|Any CPU
		{0CB76ADD-92E9-43CE-8486-71B7A3AF218E}.Debug|Any CPU.ActiveCfg = Debug|Any CPU
		{0CB76ADD-92E9-43CE-8486-71B7A3AF218E}.Debug|Any CPU.Build.0 = Debug|Any CPU
		{0CB76ADD-92E9-43CE-8486-71B7A3AF218E}.Debug|x86.ActiveCfg = Debug|Any CPU
		{0CB76ADD-92E9-43CE-8486-71B7A3AF218E}.Release|Any CPU.ActiveCfg = Release|Any CPU
		{0CB76ADD-92E9-43CE-8486-71B7A3AF218E}.Release|Any CPU.Build.0 = Release|Any CPU
		{0CB76ADD-92E9-43CE-8486-71B7A3AF218E}.Release|x86.ActiveCfg = Release|Any CPU
		{6E682A14-C872-4813-B620-76E108DEA683}.Debug|Any CPU.ActiveCfg = Debug|Any CPU
		{6E682A14-C872-4813-B620-76E108DEA683}.Debug|Any CPU.Build.0 = Debug|Any CPU
		{6E682A14-C872-4813-B620-76E108DEA683}.Debug|x86.ActiveCfg = Debug|x86
		{6E682A14-C872-4813-B620-76E108DEA683}.Debug|x86.Build.0 = Debug|x86
		{6E682A14-C872-4813-B620-76E108DEA683}.Release|Any CPU.ActiveCfg = Release|Any CPU
		{6E682A14-C872-4813-B620-76E108DEA683}.Release|Any CPU.Build.0 = Release|Any CPU
		{6E682A14-C872-4813-B620-76E108DEA683}.Release|x86.ActiveCfg = Release|x86
		{6E682A14-C872-4813-B620-76E108DEA683}.Release|x86.Build.0 = Release|x86
		{F68A1D19-93FB-47C1-A22B-42BEA3E4FD8C}.Debug|Any CPU.ActiveCfg = Debug|Any CPU
		{F68A1D19-93FB-47C1-A22B-42BEA3E4FD8C}.Debug|Any CPU.Build.0 = Debug|Any CPU
		{F68A1D19-93FB-47C1-A22B-42BEA3E4FD8C}.Debug|x86.ActiveCfg = Debug|Any CPU
		{F68A1D19-93FB-47C1-A22B-42BEA3E4FD8C}.Release|Any CPU.ActiveCfg = Release|Any CPU
		{F68A1D19-93FB-47C1-A22B-42BEA3E4FD8C}.Release|Any CPU.Build.0 = Release|Any CPU
		{F68A1D19-93FB-47C1-A22B-42BEA3E4FD8C}.Release|x86.ActiveCfg = Release|Any CPU
		{86F86650-EE3C-4372-8FEC-40C2FE015022}.Debug|Any CPU.ActiveCfg = Debug|Any CPU
		{86F86650-EE3C-4372-8FEC-40C2FE015022}.Debug|Any CPU.Build.0 = Debug|Any CPU
		{86F86650-EE3C-4372-8FEC-40C2FE015022}.Debug|x86.ActiveCfg = Debug|Any CPU
		{86F86650-EE3C-4372-8FEC-40C2FE015022}.Release|Any CPU.ActiveCfg = Release|Any CPU
		{86F86650-EE3C-4372-8FEC-40C2FE015022}.Release|Any CPU.Build.0 = Release|Any CPU
		{86F86650-EE3C-4372-8FEC-40C2FE015022}.Release|x86.ActiveCfg = Release|Any CPU
		{BDBD18FD-EDB6-488B-B7A9-984970CA7CEE}.Debug|Any CPU.ActiveCfg = Debug|Any CPU
		{BDBD18FD-EDB6-488B-B7A9-984970CA7CEE}.Debug|Any CPU.Build.0 = Debug|Any CPU
		{BDBD18FD-EDB6-488B-B7A9-984970CA7CEE}.Debug|x86.ActiveCfg = Debug|Any CPU
		{BDBD18FD-EDB6-488B-B7A9-984970CA7CEE}.Release|Any CPU.ActiveCfg = Release|Any CPU
		{BDBD18FD-EDB6-488B-B7A9-984970CA7CEE}.Release|Any CPU.Build.0 = Release|Any CPU
		{BDBD18FD-EDB6-488B-B7A9-984970CA7CEE}.Release|x86.ActiveCfg = Release|Any CPU
		{879158EF-EF85-4B55-91EF-21399E108CD7}.Debug|Any CPU.ActiveCfg = Debug|Any CPU
		{879158EF-EF85-4B55-91EF-21399E108CD7}.Debug|Any CPU.Build.0 = Debug|Any CPU
		{879158EF-EF85-4B55-91EF-21399E108CD7}.Debug|x86.ActiveCfg = Debug|Any CPU
		{879158EF-EF85-4B55-91EF-21399E108CD7}.Debug|x86.Build.0 = Debug|Any CPU
		{879158EF-EF85-4B55-91EF-21399E108CD7}.Release|Any CPU.ActiveCfg = Release|Any CPU
		{879158EF-EF85-4B55-91EF-21399E108CD7}.Release|Any CPU.Build.0 = Release|Any CPU
		{879158EF-EF85-4B55-91EF-21399E108CD7}.Release|x86.ActiveCfg = Release|Any CPU
		{879158EF-EF85-4B55-91EF-21399E108CD7}.Release|x86.Build.0 = Release|Any CPU
	EndGlobalSection
	GlobalSection(SolutionProperties) = preSolution
		HideSolutionNode = FALSE
	EndGlobalSection
	GlobalSection(NestedProjects) = preSolution
		{3AD1755C-D626-41AA-91C9-0587255D8055} = {AB9FA9EB-1296-49A1-B2E2-F4E6A16AC6EA}
		{6E682A14-C872-4813-B620-76E108DEA683} = {3AD1755C-D626-41AA-91C9-0587255D8055}
		{F68A1D19-93FB-47C1-A22B-42BEA3E4FD8C} = {3AD1755C-D626-41AA-91C9-0587255D8055}
		{86F86650-EE3C-4372-8FEC-40C2FE015022} = {3AD1755C-D626-41AA-91C9-0587255D8055}
		{BDBD18FD-EDB6-488B-B7A9-984970CA7CEE} = {AB9FA9EB-1296-49A1-B2E2-F4E6A16AC6EA}
		{879158EF-EF85-4B55-91EF-21399E108CD7} = {3AD1755C-D626-41AA-91C9-0587255D8055}
	EndGlobalSection
	GlobalSection(ExtensibilityGlobals) = postSolution
		SolutionGuid = {9EFF7156-1D21-4843-A9A3-728D5970CE63}
	EndGlobalSection
EndGlobal
