
Microsoft Visual Studio Solution File, Format Version 12.00
# Visual Studio 2013
VisualStudioVersion = 12.0.30723.0
MinimumVisualStudioVersion = 10.0.40219.1
Project("{FAE04EC0-301F-11D3-BF4B-00C04F79EFBC}") = "MVC5Scaffolding", "MVC5Scaffolding\MVC5Scaffolding.csproj", "{AABF312C-B24B-49CF-ACA9-4F5FCD16ED82}"
EndProject
Project("{FAE04EC0-301F-11D3-BF4B-00C04F79EFBC}") = "MVC5Scaffolding.vsix", "MVC5Scaffolding.vsix\MVC5Scaffolding.vsix.csproj", "{2E36C552-5DD3-4556-B882-956A3663ED2E}"
EndProject
Project("{FAE04EC0-301F-11D3-BF4B-00C04F79EFBC}") = "MVC5ScaffoldingTests", "MVC5ScaffoldingTests\MVC5ScaffoldingTests.csproj", "{0CB76ADD-92E9-43CE-8486-71B7A3AF218E}"
EndProject
Global
	GlobalSection(SolutionConfigurationPlatforms) = preSolution
		Debug|Any CPU = Debug|Any CPU
		Release|Any CPU = Release|Any CPU
	EndGlobalSection
	GlobalSection(ProjectConfigurationPlatforms) = postSolution
		{AABF312C-B24B-49CF-ACA9-4F5FCD16ED82}.Debug|Any CPU.ActiveCfg = Debug|Any CPU
		{AABF312C-B24B-49CF-ACA9-4F5FCD16ED82}.Debug|Any CPU.Build.0 = Debug|Any CPU
		{AABF312C-B24B-49CF-ACA9-4F5FCD16ED82}.Release|Any CPU.ActiveCfg = Release|Any CPU
		{AABF312C-B24B-49CF-ACA9-4F5FCD16ED82}.Release|Any CPU.Build.0 = Release|Any CPU
		{2E36C552-5DD3-4556-B882-956A3663ED2E}.Debug|Any CPU.ActiveCfg = Debug|Any CPU
		{2E36C552-5DD3-4556-B882-956A3663ED2E}.Debug|Any CPU.Build.0 = Debug|Any CPU
		{2E36C552-5DD3-4556-B882-956A3663ED2E}.Release|Any CPU.ActiveCfg = Release|Any CPU
		{2E36C552-5DD3-4556-B882-956A3663ED2E}.Release|Any CPU.Build.0 = Release|Any CPU
		{0CB76ADD-92E9-43CE-8486-71B7A3AF218E}.Debug|Any CPU.ActiveCfg = Debug|Any CPU
		{0CB76ADD-92E9-43CE-8486-71B7A3AF218E}.Debug|Any CPU.Build.0 = Debug|Any CPU
		{0CB76ADD-92E9-43CE-8486-71B7A3AF218E}.Release|Any CPU.ActiveCfg = Release|Any CPU
		{0CB76ADD-92E9-43CE-8486-71B7A3AF218E}.Release|Any CPU.Build.0 = Release|Any CPU
	EndGlobalSection
	GlobalSection(SolutionProperties) = preSolution
		HideSolutionNode = FALSE
	EndGlobalSection
EndGlobal
